
Microsoft Visual Studio Solution File, Format Version 12.00
# Visual Studio 2013
VisualStudioVersion = 12.0.40629.0
MinimumVisualStudioVersion = 10.0.40219.1
Project("{8BC9CEB8-8B4A-11D0-8D11-00A0C91BC942}") = "testLibosip", "testLibosip\testLibosip.vcxproj", "{1CC6679D-3277-4A34-B364-C8D2EB1C4C57}"
EndProject
Project("{8BC9CEB8-8B4A-11D0-8D11-00A0C91BC942}") = "basic_osip_sample", "basic_osip_sample\basic_osip_sample.vcxproj", "{E132483C-1D08-409D-BA88-A9BF33B96101}"
EndProject
Project("{8BC9CEB8-8B4A-11D0-8D11-00A0C91BC942}") = "sendRequestDirectly", "sendRequestDirectly\sendRequestDirectly.vcxproj", "{DD323359-1558-45C5-BA65-016F65FB5198}"
EndProject
Project("{8BC9CEB8-8B4A-11D0-8D11-00A0C91BC942}") = "regist", "regist\regist.vcxproj", "{8D134931-AB51-41B0-A7F0-F51EC0A04309}"
EndProject
Project("{8BC9CEB8-8B4A-11D0-8D11-00A0C91BC942}") = "uas", "serverwithsipwithlib\uas.vcxproj", "{89D09790-E407-4023-821B-6B5DF22498B0}"
EndProject
Global
	GlobalSection(SolutionConfigurationPlatforms) = preSolution
		Debug|Win32 = Debug|Win32
		Debug|x64 = Debug|x64
		Release|Win32 = Release|Win32
		Release|x64 = Release|x64
	EndGlobalSection
	GlobalSection(ProjectConfigurationPlatforms) = postSolution
		{1CC6679D-3277-4A34-B364-C8D2EB1C4C57}.Debug|Win32.ActiveCfg = Debug|Win32
		{1CC6679D-3277-4A34-B364-C8D2EB1C4C57}.Debug|Win32.Build.0 = Debug|Win32
		{1CC6679D-3277-4A34-B364-C8D2EB1C4C57}.Debug|x64.ActiveCfg = Debug|x64
		{1CC6679D-3277-4A34-B364-C8D2EB1C4C57}.Debug|x64.Build.0 = Debug|x64
		{1CC6679D-3277-4A34-B364-C8D2EB1C4C57}.Release|Win32.ActiveCfg = Release|Win32
		{1CC6679D-3277-4A34-B364-C8D2EB1C4C57}.Release|Win32.Build.0 = Release|Win32
		{1CC6679D-3277-4A34-B364-C8D2EB1C4C57}.Release|x64.ActiveCfg = Release|x64
		{1CC6679D-3277-4A34-B364-C8D2EB1C4C57}.Release|x64.Build.0 = Release|x64
		{E132483C-1D08-409D-BA88-A9BF33B96101}.Debug|Win32.ActiveCfg = Debug|Win32
		{E132483C-1D08-409D-BA88-A9BF33B96101}.Debug|Win32.Build.0 = Debug|Win32
		{E132483C-1D08-409D-BA88-A9BF33B96101}.Debug|x64.ActiveCfg = Debug|x64
		{E132483C-1D08-409D-BA88-A9BF33B96101}.Debug|x64.Build.0 = Debug|x64
		{E132483C-1D08-409D-BA88-A9BF33B96101}.Release|Win32.ActiveCfg = Release|Win32
		{E132483C-1D08-409D-BA88-A9BF33B96101}.Release|Win32.Build.0 = Release|Win32
		{E132483C-1D08-409D-BA88-A9BF33B96101}.Release|x64.ActiveCfg = Release|x64
		{E132483C-1D08-409D-BA88-A9BF33B96101}.Release|x64.Build.0 = Release|x64
		{DD323359-1558-45C5-BA65-016F65FB5198}.Debug|Win32.ActiveCfg = Debug|Win32
		{DD323359-1558-45C5-BA65-016F65FB5198}.Debug|Win32.Build.0 = Debug|Win32
		{DD323359-1558-45C5-BA65-016F65FB5198}.Debug|x64.ActiveCfg = Debug|x64
		{DD323359-1558-45C5-BA65-016F65FB5198}.Debug|x64.Build.0 = Debug|x64
		{DD323359-1558-45C5-BA65-016F65FB5198}.Release|Win32.ActiveCfg = Release|Win32
		{DD323359-1558-45C5-BA65-016F65FB5198}.Release|Win32.Build.0 = Release|Win32
		{DD323359-1558-45C5-BA65-016F65FB5198}.Release|x64.ActiveCfg = Release|x64
		{DD323359-1558-45C5-BA65-016F65FB5198}.Release|x64.Build.0 = Release|x64
		{8D134931-AB51-41B0-A7F0-F51EC0A04309}.Debug|Win32.ActiveCfg = Debug|Win32
		{8D134931-AB51-41B0-A7F0-F51EC0A04309}.Debug|Win32.Build.0 = Debug|Win32
		{8D134931-AB51-41B0-A7F0-F51EC0A04309}.Debug|x64.ActiveCfg = Debug|x64
		{8D134931-AB51-41B0-A7F0-F51EC0A04309}.Debug|x64.Build.0 = Debug|x64
		{8D134931-AB51-41B0-A7F0-F51EC0A04309}.Release|Win32.ActiveCfg = Release|Win32
		{8D134931-AB51-41B0-A7F0-F51EC0A04309}.Release|Win32.Build.0 = Release|Win32
		{8D134931-AB51-41B0-A7F0-F51EC0A04309}.Release|x64.ActiveCfg = Release|x64
		{8D134931-AB51-41B0-A7F0-F51EC0A04309}.Release|x64.Build.0 = Release|x64
		{89D09790-E407-4023-821B-6B5DF22498B0}.Debug|Win32.ActiveCfg = Debug|Win32
		{89D09790-E407-4023-821B-6B5DF22498B0}.Debug|Win32.Build.0 = Debug|Win32
		{89D09790-E407-4023-821B-6B5DF22498B0}.Debug|x64.ActiveCfg = Debug|x64
		{89D09790-E407-4023-821B-6B5DF22498B0}.Debug|x64.Build.0 = Debug|x64
		{89D09790-E407-4023-821B-6B5DF22498B0}.Release|Win32.ActiveCfg = Release|Win32
		{89D09790-E407-4023-821B-6B5DF22498B0}.Release|Win32.Build.0 = Release|Win32
		{89D09790-E407-4023-821B-6B5DF22498B0}.Release|x64.ActiveCfg = Release|x64
		{89D09790-E407-4023-821B-6B5DF22498B0}.Release|x64.Build.0 = Release|x64
	EndGlobalSection
	GlobalSection(SolutionProperties) = preSolution
		HideSolutionNode = FALSE
	EndGlobalSection
EndGlobal
